
Microsoft Visual Studio Solution File, Format Version 12.00
# Visual Studio Version 16
VisualStudioVersion = 16.0.33027.164
MinimumVisualStudioVersion = 10.0.40219.1
Project("{9A19103F-16F7-4668-BE54-9A1E7A4F7556}") = "IO_ClassLibrary", "IO_ClassLibrary.csproj", "{F75DF3F4-2E1E-44B1-B7D0-FD84460153B1}"
EndProject
Project("{FAE04EC0-301F-11D3-BF4B-00C04F79EFBC}") = "IO_Test", "..\IO_Test\IO_Test.csproj", "{50504D85-A2A1-42D0-AC7A-191B69EC3CF1}"
EndProject
Global
	GlobalSection(SolutionConfigurationPlatforms) = preSolution
		Debug|Any CPU = Debug|Any CPU
		Release|Any CPU = Release|Any CPU
	EndGlobalSection
	GlobalSection(ProjectConfigurationPlatforms) = postSolution
		{F75DF3F4-2E1E-44B1-B7D0-FD84460153B1}.Debug|Any CPU.ActiveCfg = Debug|Any CPU
		{F75DF3F4-2E1E-44B1-B7D0-FD84460153B1}.Debug|Any CPU.Build.0 = Debug|Any CPU
		{F75DF3F4-2E1E-44B1-B7D0-FD84460153B1}.Release|Any CPU.ActiveCfg = Release|Any CPU
		{F75DF3F4-2E1E-44B1-B7D0-FD84460153B1}.Release|Any CPU.Build.0 = Release|Any CPU
		{50504D85-A2A1-42D0-AC7A-191B69EC3CF1}.Debug|Any CPU.ActiveCfg = Debug|Any CPU
		{50504D85-A2A1-42D0-AC7A-191B69EC3CF1}.Debug|Any CPU.Build.0 = Debug|Any CPU
		{50504D85-A2A1-42D0-AC7A-191B69EC3CF1}.Release|Any CPU.ActiveCfg = Release|Any CPU
		{50504D85-A2A1-42D0-AC7A-191B69EC3CF1}.Release|Any CPU.Build.0 = Release|Any CPU
	EndGlobalSection
	GlobalSection(SolutionProperties) = preSolution
		HideSolutionNode = FALSE
	EndGlobalSection
	GlobalSection(ExtensibilityGlobals) = postSolution
		SolutionGuid = {C6BEA056-0792-4FCC-8902-BABDDACA0616}
	EndGlobalSection
EndGlobal
